
Microsoft Visual Studio Solution File, Format Version 12.00
# Visual Studio Version 16
VisualStudioVersion = 16.0.29519.181
MinimumVisualStudioVersion = 10.0.40219.1
Project("{9A19103F-16F7-4668-BE54-9A1E7A4F7556}") = "Education", "Education\Education.csproj", "{76772C10-E062-4E0C-BAB3-470F3BB212F9}"
EndProject
Project("{9A19103F-16F7-4668-BE54-9A1E7A4F7556}") = "Education.IText", "Education.IText\Education.IText.csproj", "{E84DBAEA-3C47-4FF0-8497-1F00B5DA5495}"
EndProject
Project("{9A19103F-16F7-4668-BE54-9A1E7A4F7556}") = "Education.Core", "Education.Core\Education.Core.csproj", "{A0DA0901-FEDB-419C-B484-B961C9B5D2FB}"
EndProject
Project("{9A19103F-16F7-4668-BE54-9A1E7A4F7556}") = "Education.Web", "Education.Web\Education.Web.csproj", "{3FBA49FB-DB7F-41F4-AC72-04EAB0793418}"
EndProject
Project("{9A19103F-16F7-4668-BE54-9A1E7A4F7556}") = "Education.Web.MiscMicroservice", "Education.Web.MiscMicroservice\Education.Web.MiscMicroservice.csproj", "{02E4E138-37C9-43E9-A72B-2DD97AA49A9E}"
EndProject
Project("{9A19103F-16F7-4668-BE54-9A1E7A4F7556}") = "Education.Web.CoreWebApp", "Education.Web.CoreWebApp\Education.Web.CoreWebApp.csproj", "{C0752FA8-A845-4147-9643-62B8566B9DE7}"
EndProject
Project("{9A19103F-16F7-4668-BE54-9A1E7A4F7556}") = "Web.Identity", "Web.Identity\Web.Identity.csproj", "{BC0921C7-85E0-438B-B5A1-F5F54965F014}"
EndProject
Global
	GlobalSection(SolutionConfigurationPlatforms) = preSolution
		Debug|Any CPU = Debug|Any CPU
		Debug|iPhone = Debug|iPhone
		Debug|iPhoneSimulator = Debug|iPhoneSimulator
		Release|Any CPU = Release|Any CPU
		Release|iPhone = Release|iPhone
		Release|iPhoneSimulator = Release|iPhoneSimulator
	EndGlobalSection
	GlobalSection(ProjectConfigurationPlatforms) = postSolution
		{76772C10-E062-4E0C-BAB3-470F3BB212F9}.Debug|Any CPU.ActiveCfg = Debug|Any CPU
		{76772C10-E062-4E0C-BAB3-470F3BB212F9}.Debug|Any CPU.Build.0 = Debug|Any CPU
		{76772C10-E062-4E0C-BAB3-470F3BB212F9}.Debug|iPhone.ActiveCfg = Debug|Any CPU
		{76772C10-E062-4E0C-BAB3-470F3BB212F9}.Debug|iPhone.Build.0 = Debug|Any CPU
		{76772C10-E062-4E0C-BAB3-470F3BB212F9}.Debug|iPhoneSimulator.ActiveCfg = Debug|Any CPU
		{76772C10-E062-4E0C-BAB3-470F3BB212F9}.Debug|iPhoneSimulator.Build.0 = Debug|Any CPU
		{76772C10-E062-4E0C-BAB3-470F3BB212F9}.Release|Any CPU.ActiveCfg = Release|Any CPU
		{76772C10-E062-4E0C-BAB3-470F3BB212F9}.Release|Any CPU.Build.0 = Release|Any CPU
		{76772C10-E062-4E0C-BAB3-470F3BB212F9}.Release|iPhone.ActiveCfg = Release|Any CPU
		{76772C10-E062-4E0C-BAB3-470F3BB212F9}.Release|iPhone.Build.0 = Release|Any CPU
		{76772C10-E062-4E0C-BAB3-470F3BB212F9}.Release|iPhoneSimulator.ActiveCfg = Release|Any CPU
		{76772C10-E062-4E0C-BAB3-470F3BB212F9}.Release|iPhoneSimulator.Build.0 = Release|Any CPU
		{E84DBAEA-3C47-4FF0-8497-1F00B5DA5495}.Debug|Any CPU.ActiveCfg = Debug|Any CPU
		{E84DBAEA-3C47-4FF0-8497-1F00B5DA5495}.Debug|Any CPU.Build.0 = Debug|Any CPU
		{E84DBAEA-3C47-4FF0-8497-1F00B5DA5495}.Debug|iPhone.ActiveCfg = Debug|Any CPU
		{E84DBAEA-3C47-4FF0-8497-1F00B5DA5495}.Debug|iPhone.Build.0 = Debug|Any CPU
		{E84DBAEA-3C47-4FF0-8497-1F00B5DA5495}.Debug|iPhoneSimulator.ActiveCfg = Debug|Any CPU
		{E84DBAEA-3C47-4FF0-8497-1F00B5DA5495}.Debug|iPhoneSimulator.Build.0 = Debug|Any CPU
		{E84DBAEA-3C47-4FF0-8497-1F00B5DA5495}.Release|Any CPU.ActiveCfg = Release|Any CPU
		{E84DBAEA-3C47-4FF0-8497-1F00B5DA5495}.Release|Any CPU.Build.0 = Release|Any CPU
		{E84DBAEA-3C47-4FF0-8497-1F00B5DA5495}.Release|iPhone.ActiveCfg = Release|Any CPU
		{E84DBAEA-3C47-4FF0-8497-1F00B5DA5495}.Release|iPhone.Build.0 = Release|Any CPU
		{E84DBAEA-3C47-4FF0-8497-1F00B5DA5495}.Release|iPhoneSimulator.ActiveCfg = Release|Any CPU
		{E84DBAEA-3C47-4FF0-8497-1F00B5DA5495}.Release|iPhoneSimulator.Build.0 = Release|Any CPU
		{A0DA0901-FEDB-419C-B484-B961C9B5D2FB}.Debug|Any CPU.ActiveCfg = Debug|Any CPU
		{A0DA0901-FEDB-419C-B484-B961C9B5D2FB}.Debug|Any CPU.Build.0 = Debug|Any CPU
		{A0DA0901-FEDB-419C-B484-B961C9B5D2FB}.Debug|iPhone.ActiveCfg = Debug|Any CPU
		{A0DA0901-FEDB-419C-B484-B961C9B5D2FB}.Debug|iPhone.Build.0 = Debug|Any CPU
		{A0DA0901-FEDB-419C-B484-B961C9B5D2FB}.Debug|iPhoneSimulator.ActiveCfg = Debug|Any CPU
		{A0DA0901-FEDB-419C-B484-B961C9B5D2FB}.Debug|iPhoneSimulator.Build.0 = Debug|Any CPU
		{A0DA0901-FEDB-419C-B484-B961C9B5D2FB}.Release|Any CPU.ActiveCfg = Release|Any CPU
		{A0DA0901-FEDB-419C-B484-B961C9B5D2FB}.Release|Any CPU.Build.0 = Release|Any CPU
		{A0DA0901-FEDB-419C-B484-B961C9B5D2FB}.Release|iPhone.ActiveCfg = Release|Any CPU
		{A0DA0901-FEDB-419C-B484-B961C9B5D2FB}.Release|iPhone.Build.0 = Release|Any CPU
		{A0DA0901-FEDB-419C-B484-B961C9B5D2FB}.Release|iPhoneSimulator.ActiveCfg = Release|Any CPU
		{A0DA0901-FEDB-419C-B484-B961C9B5D2FB}.Release|iPhoneSimulator.Build.0 = Release|Any CPU
		{3FBA49FB-DB7F-41F4-AC72-04EAB0793418}.Debug|Any CPU.ActiveCfg = Debug|Any CPU
		{3FBA49FB-DB7F-41F4-AC72-04EAB0793418}.Debug|Any CPU.Build.0 = Debug|Any CPU
		{3FBA49FB-DB7F-41F4-AC72-04EAB0793418}.Debug|iPhone.ActiveCfg = Debug|Any CPU
		{3FBA49FB-DB7F-41F4-AC72-04EAB0793418}.Debug|iPhone.Build.0 = Debug|Any CPU
		{3FBA49FB-DB7F-41F4-AC72-04EAB0793418}.Debug|iPhoneSimulator.ActiveCfg = Debug|Any CPU
		{3FBA49FB-DB7F-41F4-AC72-04EAB0793418}.Debug|iPhoneSimulator.Build.0 = Debug|Any CPU
		{3FBA49FB-DB7F-41F4-AC72-04EAB0793418}.Release|Any CPU.ActiveCfg = Release|Any CPU
		{3FBA49FB-DB7F-41F4-AC72-04EAB0793418}.Release|Any CPU.Build.0 = Release|Any CPU
		{3FBA49FB-DB7F-41F4-AC72-04EAB0793418}.Release|iPhone.ActiveCfg = Release|Any CPU
		{3FBA49FB-DB7F-41F4-AC72-04EAB0793418}.Release|iPhone.Build.0 = Release|Any CPU
		{3FBA49FB-DB7F-41F4-AC72-04EAB0793418}.Release|iPhoneSimulator.ActiveCfg = Release|Any CPU
		{3FBA49FB-DB7F-41F4-AC72-04EAB0793418}.Release|iPhoneSimulator.Build.0 = Release|Any CPU
		{02E4E138-37C9-43E9-A72B-2DD97AA49A9E}.Debug|Any CPU.ActiveCfg = Debug|Any CPU
		{02E4E138-37C9-43E9-A72B-2DD97AA49A9E}.Debug|Any CPU.Build.0 = Debug|Any CPU
		{02E4E138-37C9-43E9-A72B-2DD97AA49A9E}.Debug|iPhone.ActiveCfg = Debug|Any CPU
		{02E4E138-37C9-43E9-A72B-2DD97AA49A9E}.Debug|iPhone.Build.0 = Debug|Any CPU
		{02E4E138-37C9-43E9-A72B-2DD97AA49A9E}.Debug|iPhoneSimulator.ActiveCfg = Debug|Any CPU
		{02E4E138-37C9-43E9-A72B-2DD97AA49A9E}.Debug|iPhoneSimulator.Build.0 = Debug|Any CPU
		{02E4E138-37C9-43E9-A72B-2DD97AA49A9E}.Release|Any CPU.ActiveCfg = Release|Any CPU
		{02E4E138-37C9-43E9-A72B-2DD97AA49A9E}.Release|Any CPU.Build.0 = Release|Any CPU
		{02E4E138-37C9-43E9-A72B-2DD97AA49A9E}.Release|iPhone.ActiveCfg = Release|Any CPU
		{02E4E138-37C9-43E9-A72B-2DD97AA49A9E}.Release|iPhone.Build.0 = Release|Any CPU
		{02E4E138-37C9-43E9-A72B-2DD97AA49A9E}.Release|iPhoneSimulator.ActiveCfg = Release|Any CPU
		{02E4E138-37C9-43E9-A72B-2DD97AA49A9E}.Release|iPhoneSimulator.Build.0 = Release|Any CPU
		{C0752FA8-A845-4147-9643-62B8566B9DE7}.Debug|Any CPU.ActiveCfg = Debug|Any CPU
		{C0752FA8-A845-4147-9643-62B8566B9DE7}.Debug|Any CPU.Build.0 = Debug|Any CPU
		{C0752FA8-A845-4147-9643-62B8566B9DE7}.Debug|iPhone.ActiveCfg = Debug|Any CPU
		{C0752FA8-A845-4147-9643-62B8566B9DE7}.Debug|iPhone.Build.0 = Debug|Any CPU
		{C0752FA8-A845-4147-9643-62B8566B9DE7}.Debug|iPhoneSimulator.ActiveCfg = Debug|Any CPU
		{C0752FA8-A845-4147-9643-62B8566B9DE7}.Debug|iPhoneSimulator.Build.0 = Debug|Any CPU
		{C0752FA8-A845-4147-9643-62B8566B9DE7}.Release|Any CPU.ActiveCfg = Release|Any CPU
		{C0752FA8-A845-4147-9643-62B8566B9DE7}.Release|Any CPU.Build.0 = Release|Any CPU
		{C0752FA8-A845-4147-9643-62B8566B9DE7}.Release|iPhone.ActiveCfg = Release|Any CPU
		{C0752FA8-A845-4147-9643-62B8566B9DE7}.Release|iPhone.Build.0 = Release|Any CPU
		{C0752FA8-A845-4147-9643-62B8566B9DE7}.Release|iPhoneSimulator.ActiveCfg = Release|Any CPU
		{C0752FA8-A845-4147-9643-62B8566B9DE7}.Release|iPhoneSimulator.Build.0 = Release|Any CPU
		{BC0921C7-85E0-438B-B5A1-F5F54965F014}.Debug|Any CPU.ActiveCfg = Debug|Any CPU
		{BC0921C7-85E0-438B-B5A1-F5F54965F014}.Debug|Any CPU.Build.0 = Debug|Any CPU
		{BC0921C7-85E0-438B-B5A1-F5F54965F014}.Debug|iPhone.ActiveCfg = Debug|Any CPU
		{BC0921C7-85E0-438B-B5A1-F5F54965F014}.Debug|iPhone.Build.0 = Debug|Any CPU
		{BC0921C7-85E0-438B-B5A1-F5F54965F014}.Debug|iPhoneSimulator.ActiveCfg = Debug|Any CPU
		{BC0921C7-85E0-438B-B5A1-F5F54965F014}.Debug|iPhoneSimulator.Build.0 = Debug|Any CPU
		{BC0921C7-85E0-438B-B5A1-F5F54965F014}.Release|Any CPU.ActiveCfg = Release|Any CPU
		{BC0921C7-85E0-438B-B5A1-F5F54965F014}.Release|Any CPU.Build.0 = Release|Any CPU
		{BC0921C7-85E0-438B-B5A1-F5F54965F014}.Release|iPhone.ActiveCfg = Release|Any CPU
		{BC0921C7-85E0-438B-B5A1-F5F54965F014}.Release|iPhone.Build.0 = Release|Any CPU
		{BC0921C7-85E0-438B-B5A1-F5F54965F014}.Release|iPhoneSimulator.ActiveCfg = Release|Any CPU
		{BC0921C7-85E0-438B-B5A1-F5F54965F014}.Release|iPhoneSimulator.Build.0 = Release|Any CPU
	EndGlobalSection
	GlobalSection(SolutionProperties) = preSolution
		HideSolutionNode = FALSE
	EndGlobalSection
	GlobalSection(ExtensibilityGlobals) = postSolution
		SolutionGuid = {F5919ACC-9B60-488D-BCA0-E81A2FB4B270}
	EndGlobalSection
EndGlobal
